<?xml version="1.0" encoding="utf-8"?>
<Project ToolsVersion="4.0" xmlns="http://schemas.microsoft.com/developer/msbuild/2003">
  <ItemGroup>
    <ClCompile Include="Source\Log.cpp">
      <Filter>Source\Utils</Filter>
    </ClCompile>
    <ClCompile Include="Source\External\PugiXml\src\pugixml.cpp">
      <Filter>Source\External\PugiXml</Filter>
    </ClCompile>
    <ClCompile Include="Source\Scene.cpp">
      <Filter>Source\Application\Game\Scenes</Filter>
    </ClCompile>
    <ClCompile Include="Source\EntityManager.cpp">
      <Filter>Source\Application\Game\Entities</Filter>
    </ClCompile>
    <ClCompile Include="Source\NPC.cpp">
      <Filter>Source\Application\Game\Entities</Filter>
    </ClCompile>
    <ClCompile Include="Source\Player.cpp">
      <Filter>Source\Application\Game\Entities</Filter>
    </ClCompile>
    <ClCompile Include="Source\App.cpp">
      <Filter>Source\Application\Core</Filter>
    </ClCompile>
    <ClCompile Include="Source\Main.cpp">
      <Filter>Source\Application\Core</Filter>
    </ClCompile>
    <ClCompile Include="Source\Audio.cpp">
      <Filter>Source\Application\BaseModules</Filter>
    </ClCompile>
    <ClCompile Include="Source\Input.cpp">
      <Filter>Source\Application\BaseModules</Filter>
    </ClCompile>
    <ClCompile Include="Source\Fonts.cpp">
      <Filter>Source\Application\BaseModules</Filter>
    </ClCompile>
    <ClCompile Include="Source\Render.cpp">
      <Filter>Source\Application\BaseModules</Filter>
    </ClCompile>
    <ClCompile Include="Source\Textures.cpp">
      <Filter>Source\Application\BaseModules</Filter>
    </ClCompile>
    <ClCompile Include="Source\Window.cpp">
      <Filter>Source\Application\BaseModules</Filter>
    </ClCompile>
    <ClCompile Include="Source\Map.cpp">
      <Filter>Source\Application\Game\GameModules</Filter>
    </ClCompile>
    <ClCompile Include="Source\Chest.cpp">
      <Filter>Source\Application\Game\Items</Filter>
    </ClCompile>
    <ClCompile Include="Source\QuestManager.cpp">
      <Filter>Source\Application\Game\Quests</Filter>
    </ClCompile>
    <ClCompile Include="Source\TalkQuest.cpp">
      <Filter>Source\Application\Game\Quests</Filter>
    </ClCompile>
    <ClCompile Include="Source\CollectQuest.cpp">
      <Filter>Source\Application\Game\Quests</Filter>
    </ClCompile>
  </ItemGroup>
  <ItemGroup>
    <ClInclude Include="Source\Defs.h">
      <Filter>Source\Utils</Filter>
    </ClInclude>
    <ClInclude Include="Source\DynArray.h">
      <Filter>Source\Utils</Filter>
    </ClInclude>
    <ClInclude Include="Source\List.h">
      <Filter>Source\Utils</Filter>
    </ClInclude>
    <ClInclude Include="Source\Log.h">
      <Filter>Source\Utils</Filter>
    </ClInclude>
    <ClInclude Include="Source\Point.h">
      <Filter>Source\Utils</Filter>
    </ClInclude>
    <ClInclude Include="Source\SString.h">
      <Filter>Source\Utils</Filter>
    </ClInclude>
    <ClInclude Include="Source\External\PugiXml\src\pugiconfig.hpp">
      <Filter>Source\External\PugiXml</Filter>
    </ClInclude>
    <ClInclude Include="Source\External\PugiXml\src\pugixml.hpp">
      <Filter>Source\External\PugiXml</Filter>
    </ClInclude>
    <ClInclude Include="Source\Queue.h">
      <Filter>Source\Utils</Filter>
    </ClInclude>
    <ClInclude Include="Source\Scene.h">
      <Filter>Source\Application\Game\Scenes</Filter>
    </ClInclude>
    <ClInclude Include="Source\Module.h">
      <Filter>Source\Application\Headers</Filter>
    </ClInclude>
    <ClInclude Include="Source\Entity.h">
      <Filter>Source\Application\Headers</Filter>
    </ClInclude>
    <ClInclude Include="Source\EntityManager.h">
      <Filter>Source\Application\Game\Entities</Filter>
    </ClInclude>
    <ClInclude Include="Source\NPC.h">
      <Filter>Source\Application\Game\Entities</Filter>
    </ClInclude>
    <ClInclude Include="Source\Player.h">
      <Filter>Source\Application\Game\Entities</Filter>
    </ClInclude>
    <ClInclude Include="Source\App.h">
      <Filter>Source\Application\Core</Filter>
    </ClInclude>
    <ClInclude Include="Source\Window.h">
      <Filter>Source\Application\BaseModules</Filter>
    </ClInclude>
    <ClInclude Include="Source\Audio.h">
      <Filter>Source\Application\BaseModules</Filter>
    </ClInclude>
    <ClInclude Include="Source\Input.h">
      <Filter>Source\Application\BaseModules</Filter>
    </ClInclude>
    <ClInclude Include="Source\Fonts.h">
      <Filter>Source\Application\BaseModules</Filter>
    </ClInclude>
    <ClInclude Include="Source\Render.h">
      <Filter>Source\Application\BaseModules</Filter>
    </ClInclude>
    <ClInclude Include="Source\Textures.h">
      <Filter>Source\Application\BaseModules</Filter>
    </ClInclude>
    <ClInclude Include="Source\Map.h">
      <Filter>Source\Application\Game\GameModules</Filter>
    </ClInclude>
    <ClInclude Include="Source\Animation.h">
      <Filter>Source\Application\Headers</Filter>
    </ClInclude>
    <ClInclude Include="Source\Chest.h">
      <Filter>Source\Application\Game\Items</Filter>
    </ClInclude>
    <ClInclude Include="Source\Item.h">
      <Filter>Source\Application\Headers</Filter>
    </ClInclude>
    <ClInclude Include="Source\Quest.h">
      <Filter>Source\Application\Game\Quests</Filter>
    </ClInclude>
    <ClInclude Include="Source\QuestManager.h">
      <Filter>Source\Application\Game\Quests</Filter>
    </ClInclude>
    <ClInclude Include="Source\TalkQuest.h">
      <Filter>Source\Application\Game\Quests</Filter>
    </ClInclude>
    <ClInclude Include="Source\CollectQuest.h">
      <Filter>Source\Application\Game\Quests</Filter>
    </ClInclude>
  </ItemGroup>
  <ItemGroup>
    <Filter Include="Source">
      <UniqueIdentifier>{a7aa3d8b-3511-4e83-9121-df33e457f12e}</UniqueIdentifier>
    </Filter>
    <Filter Include="Source\Utils">
      <UniqueIdentifier>{2cad778a-d356-48b0-9fee-587f1bbb187e}</UniqueIdentifier>
    </Filter>
    <Filter Include="Source\External">
      <UniqueIdentifier>{83a966c7-b4bb-4eff-9c2c-3ff3c7b55a60}</UniqueIdentifier>
    </Filter>
    <Filter Include="Source\External\PugiXml">
      <UniqueIdentifier>{2855ff7f-53a1-413d-a75b-18b4ade921dd}</UniqueIdentifier>
    </Filter>
    <Filter Include="Source\Application">
      <UniqueIdentifier>{251e0f97-84b3-4346-aaa1-051abe3d9b2c}</UniqueIdentifier>
    </Filter>
    <Filter Include="Source\Application\Core">
      <UniqueIdentifier>{40d4bef8-e596-42f9-8791-da6f23fc7adb}</UniqueIdentifier>
    </Filter>
    <Filter Include="Source\Application\Game">
      <UniqueIdentifier>{a7c0ac6d-9519-4a16-8e17-d5b76c0391da}</UniqueIdentifier>
    </Filter>
    <Filter Include="Source\Application\Game\Scenes">
      <UniqueIdentifier>{77b439ab-5d20-4524-b05f-fb9fb4b741eb}</UniqueIdentifier>
    </Filter>
    <Filter Include="Source\Application\Headers">
      <UniqueIdentifier>{0883beaf-9064-4dce-b103-6da3a4afed86}</UniqueIdentifier>
    </Filter>
    <Filter Include="Source\Application\BaseModules">
      <UniqueIdentifier>{c850660c-89c6-4ce5-b80f-0eec1b7a0ea9}</UniqueIdentifier>
    </Filter>
    <Filter Include="Source\Application\Game\Entities">
      <UniqueIdentifier>{b66ac0d3-da8a-4531-896a-6ccfbcd9b62b}</UniqueIdentifier>
    </Filter>
    <Filter Include="Source\Application\Game\GameModules">
      <UniqueIdentifier>{9b9e5597-f894-491c-b546-69a649ae8513}</UniqueIdentifier>
    </Filter>
    <Filter Include="Source\Application\Game\Items">
      <UniqueIdentifier>{290dfcd3-7c1d-4629-97db-002c0b44276f}</UniqueIdentifier>
    </Filter>
    <Filter Include="Source\Application\Game\Quests">
      <UniqueIdentifier>{2d3d1773-f211-4479-a679-637153b29087}</UniqueIdentifier>
    </Filter>
  </ItemGroup>
</Project>