<?xml version="1.0" encoding="utf-8"?>
<Project ToolsVersion="4.0" xmlns="http://schemas.microsoft.com/developer/msbuild/2003">
  <ItemGroup>
    <ClCompile Include="Source\Log.cpp">
      <Filter>Utils</Filter>
    </ClCompile>
    <ClCompile Include="Source\External\PugiXml\src\pugixml.cpp">
      <Filter>External\PugiXml</Filter>
    </ClCompile>
    <ClCompile Include="Source\EndingScreen.cpp">
      <Filter>Game\Scenes</Filter>
    </ClCompile>
    <ClCompile Include="Source\LogoScreen.cpp">
      <Filter>Game\Scenes</Filter>
    </ClCompile>
    <ClCompile Include="Source\Scene.cpp">
      <Filter>Game\Scenes</Filter>
    </ClCompile>
    <ClCompile Include="Source\TitleScreen.cpp">
      <Filter>Game\Scenes</Filter>
    </ClCompile>
    <ClCompile Include="Source\Map.cpp">
      <Filter>Core</Filter>
    </ClCompile>
    <ClCompile Include="Source\Audio.cpp">
      <Filter>Core</Filter>
    </ClCompile>
    <ClCompile Include="Source\Fonts.cpp">
      <Filter>Core</Filter>
    </ClCompile>
    <ClCompile Include="Source\Input.cpp">
      <Filter>Core</Filter>
    </ClCompile>
    <ClCompile Include="Source\ModuleController.cpp">
      <Filter>Core</Filter>
    </ClCompile>
    <ClCompile Include="Source\ModuleFadeToBlack.cpp">
      <Filter>Core</Filter>
    </ClCompile>
    <ClCompile Include="Source\Pathfinding.cpp">
      <Filter>Core</Filter>
    </ClCompile>
    <ClCompile Include="Source\Physics.cpp">
      <Filter>Core</Filter>
    </ClCompile>
    <ClCompile Include="Source\Render.cpp">
      <Filter>Core</Filter>
    </ClCompile>
    <ClCompile Include="Source\Textures.cpp">
      <Filter>Core</Filter>
    </ClCompile>
    <ClCompile Include="Source\Window.cpp">
      <Filter>Core</Filter>
    </ClCompile>
    <ClCompile Include="Source\App.cpp">
      <Filter>App</Filter>
    </ClCompile>
    <ClCompile Include="Source\Main.cpp">
      <Filter>App</Filter>
    </ClCompile>
    <ClCompile Include="Source\KidEnemy.cpp">
      <Filter>Game\Entities</Filter>
    </ClCompile>
    <ClCompile Include="Source\Player.cpp">
      <Filter>Game\Entities</Filter>
    </ClCompile>
    <ClCompile Include="Source\Item.cpp">
      <Filter>Game\Items</Filter>
    </ClCompile>
    <ClCompile Include="Source\GuiButton.cpp">
      <Filter>GUI</Filter>
    </ClCompile>
    <ClCompile Include="Source\GuiManager.cpp">
      <Filter>GUI</Filter>
    </ClCompile>
    <ClCompile Include="Source\UI.cpp">
      <Filter>GUI</Filter>
    </ClCompile>
    <ClCompile Include="Source\Timer.cpp">
      <Filter>Utils</Filter>
    </ClCompile>
    <ClCompile Include="Source\PerfTimer.cpp">
      <Filter>Utils</Filter>
    </ClCompile>
    <ClCompile Include="Source\Debug.cpp">
      <Filter>Core</Filter>
    </ClCompile>
    <ClCompile Include="Source\NPC.cpp">
      <Filter>Game\Entities</Filter>
    </ClCompile>
    <ClCompile Include="Source\SceneFight.cpp">
      <Filter>Game\Scenes</Filter>
    </ClCompile>
    <ClCompile Include="Source\Color.cpp">
      <Filter>Utils</Filter>
    </ClCompile>
    <ClCompile Include="Source\DIalogue.cpp">
      <Filter>Game\Dialogue</Filter>
    </ClCompile>
    <ClCompile Include="Source\DialogueManager.cpp">
      <Filter>Game\Dialogue</Filter>
    </ClCompile>
    <ClCompile Include="Source\EntityManager.cpp">
      <Filter>Core\Managers</Filter>
    </ClCompile>
    <ClCompile Include="Source\PartyManager.cpp">
      <Filter>Core\Managers</Filter>
    </ClCompile>
  </ItemGroup>
  <ItemGroup>
    <ClInclude Include="Source\Defs.h">
      <Filter>Utils</Filter>
    </ClInclude>
    <ClInclude Include="Source\DynArray.h">
      <Filter>Utils</Filter>
    </ClInclude>
    <ClInclude Include="Source\List.h">
      <Filter>Utils</Filter>
    </ClInclude>
    <ClInclude Include="Source\Log.h">
      <Filter>Utils</Filter>
    </ClInclude>
    <ClInclude Include="Source\Point.h">
      <Filter>Utils</Filter>
    </ClInclude>
    <ClInclude Include="Source\SString.h">
      <Filter>Utils</Filter>
    </ClInclude>
    <ClInclude Include="Source\External\PugiXml\src\pugiconfig.hpp">
      <Filter>External\PugiXml</Filter>
    </ClInclude>
    <ClInclude Include="Source\External\PugiXml\src\pugixml.hpp">
      <Filter>External\PugiXml</Filter>
    </ClInclude>
    <ClInclude Include="Source\Queue.h">
      <Filter>Utils</Filter>
    </ClInclude>
    <ClInclude Include="Source\EndingScreen.h">
      <Filter>Game\Scenes</Filter>
    </ClInclude>
    <ClInclude Include="Source\LogoScreen.h">
      <Filter>Game\Scenes</Filter>
    </ClInclude>
    <ClInclude Include="Source\Scene.h">
      <Filter>Game\Scenes</Filter>
    </ClInclude>
    <ClInclude Include="Source\TitleScreen.h">
      <Filter>Game\Scenes</Filter>
    </ClInclude>
    <ClInclude Include="Source\Map.h">
      <Filter>Core</Filter>
    </ClInclude>
    <ClInclude Include="Source\Audio.h">
      <Filter>Core</Filter>
    </ClInclude>
    <ClInclude Include="Source\Fonts.h">
      <Filter>Core</Filter>
    </ClInclude>
    <ClInclude Include="Source\Input.h">
      <Filter>Core</Filter>
    </ClInclude>
    <ClInclude Include="Source\Module.h">
      <Filter>Core</Filter>
    </ClInclude>
    <ClInclude Include="Source\ModuleController.h">
      <Filter>Core</Filter>
    </ClInclude>
    <ClInclude Include="Source\ModuleFadeToBlack.h">
      <Filter>Core</Filter>
    </ClInclude>
    <ClInclude Include="Source\Pathfinding.h">
      <Filter>Core</Filter>
    </ClInclude>
    <ClInclude Include="Source\Physics.h">
      <Filter>Core</Filter>
    </ClInclude>
    <ClInclude Include="Source\Render.h">
      <Filter>Core</Filter>
    </ClInclude>
    <ClInclude Include="Source\Textures.h">
      <Filter>Core</Filter>
    </ClInclude>
    <ClInclude Include="Source\Window.h">
      <Filter>Core</Filter>
    </ClInclude>
    <ClInclude Include="Source\App.h">
      <Filter>App</Filter>
    </ClInclude>
    <ClInclude Include="Source\KidEnemy.h">
      <Filter>Game\Entities</Filter>
    </ClInclude>
    <ClInclude Include="Source\Entity.h">
      <Filter>Game\Entities</Filter>
    </ClInclude>
    <ClInclude Include="Source\Player.h">
      <Filter>Game\Entities</Filter>
    </ClInclude>
    <ClInclude Include="Source\Item.h">
      <Filter>Game\Items</Filter>
    </ClInclude>
    <ClInclude Include="Source\GuiButton.h">
      <Filter>GUI</Filter>
    </ClInclude>
    <ClInclude Include="Source\GuiControl.h">
      <Filter>GUI</Filter>
    </ClInclude>
    <ClInclude Include="Source\GuiManager.h">
      <Filter>GUI</Filter>
    </ClInclude>
    <ClInclude Include="Source\UI.h">
      <Filter>GUI</Filter>
    </ClInclude>
    <ClInclude Include="Source\Timer.h">
      <Filter>Utils</Filter>
    </ClInclude>
    <ClInclude Include="Source\PerfTimer.h">
      <Filter>Utils</Filter>
    </ClInclude>
    <ClInclude Include="Source\Animation.h">
      <Filter>Utils</Filter>
    </ClInclude>
    <ClInclude Include="Source\Debug.h">
      <Filter>Core</Filter>
    </ClInclude>
    <ClInclude Include="Source\NPC.h">
      <Filter>Game\Entities</Filter>
    </ClInclude>
    <ClInclude Include="Source\SceneFight.h">
      <Filter>Game\Scenes</Filter>
    </ClInclude>
    <ClInclude Include="Source\Color.h">
      <Filter>Utils</Filter>
    </ClInclude>
    <ClInclude Include="Source\Dialogue.h">
      <Filter>Game\Dialogue</Filter>
    </ClInclude>
    <ClInclude Include="Source\DialogueManager.h">
      <Filter>Game\Dialogue</Filter>
    </ClInclude>
    <ClInclude Include="Source\Scale.h">
      <Filter>Utils</Filter>
    </ClInclude>
    <ClInclude Include="Source\EntityManager.h">
      <Filter>Core\Managers</Filter>
    </ClInclude>
    <ClInclude Include="Source\PartyManager.h">
      <Filter>Core\Managers</Filter>
    </ClInclude>
  </ItemGroup>
  <ItemGroup>
    <Filter Include="Utils">
      <UniqueIdentifier>{2cad778a-d356-48b0-9fee-587f1bbb187e}</UniqueIdentifier>
    </Filter>
    <Filter Include="External">
      <UniqueIdentifier>{0fb48b10-3f11-492d-bce8-bf6daec22b31}</UniqueIdentifier>
    </Filter>
    <Filter Include="App">
      <UniqueIdentifier>{83a966c7-b4bb-4eff-9c2c-3ff3c7b55a60}</UniqueIdentifier>
    </Filter>
    <Filter Include="Core">
      <UniqueIdentifier>{2f7b7a31-bbb1-4fae-a3cf-1a3ed66871c8}</UniqueIdentifier>
    </Filter>
    <Filter Include="GUI">
      <UniqueIdentifier>{a742f1b2-382d-4ea0-b6b3-cd818ad938ab}</UniqueIdentifier>
    </Filter>
    <Filter Include="Game">
      <UniqueIdentifier>{2ba57282-60c1-44a0-981d-17714153fdf8}</UniqueIdentifier>
    </Filter>
    <Filter Include="Game\Scenes">
      <UniqueIdentifier>{96b12bd1-ca7f-4710-bd2d-38acaaccdd0a}</UniqueIdentifier>
    </Filter>
    <Filter Include="Game\Entities">
      <UniqueIdentifier>{62dc0c20-367f-46c0-8bce-5196053555fb}</UniqueIdentifier>
    </Filter>
    <Filter Include="External\PugiXml">
      <UniqueIdentifier>{2855ff7f-53a1-413d-a75b-18b4ade921dd}</UniqueIdentifier>
    </Filter>
    <Filter Include="Game\Items">
      <UniqueIdentifier>{77c128c4-9f6e-4255-871e-9098623335dd}</UniqueIdentifier>
    </Filter>
    <Filter Include="Game\Dialogue">
      <UniqueIdentifier>{47e95652-630f-4f43-846c-0fdde62538f6}</UniqueIdentifier>
    </Filter>
    <Filter Include="Game\Maps">
      <UniqueIdentifier>{ed4ccb52-1f5d-433e-aacb-8b711f66caa8}</UniqueIdentifier>
    </Filter>
    <Filter Include="Core\Managers">
      <UniqueIdentifier>{957f2650-3838-4d07-93d1-3f9517b0e576}</UniqueIdentifier>
    </Filter>
  </ItemGroup>
  <ItemGroup>
    <Xml Include="..\Output\config.xml">
      <Filter>Core</Filter>
    </Xml>
  </ItemGroup>
  <ItemGroup>
    <None Include="..\Output\Assets\Maps\map_town.tmx">
      <Filter>Game\Maps</Filter>
    </None>
    <None Include="..\Output\Assets\Maps\housebasement.tmx">
      <Filter>Game\Maps</Filter>
    </None>
    <None Include="..\Output\Assets\Maps\housefloor.tmx">
      <Filter>Game\Maps</Filter>
    </None>
    <None Include="..\Output\Assets\Maps\inn.tmx">
      <Filter>Game\Maps</Filter>
    </None>
    <None Include="..\Output\Assets\Maps\tavern.tmx">
      <Filter>Game\Maps</Filter>
    </None>
  </ItemGroup>
</Project>